<?xml version="1.0" encoding="utf-8"?>
<Project ToolsVersion="4.0" xmlns="http://schemas.microsoft.com/developer/msbuild/2003">
  <ItemGroup>
    <Filter Include="Source Files">
      <UniqueIdentifier>{4FC737F1-C7A5-4376-A066-2A32D752A2FF}</UniqueIdentifier>
      <Extensions>cpp;c;cc;cxx;c++;cppm;ixx;def;odl;idl;hpj;bat;asm;asmx</Extensions>
    </Filter>
    <Filter Include="Header Files">
      <UniqueIdentifier>{93995380-89BD-4b04-88EB-625FBE52EBFB}</UniqueIdentifier>
      <Extensions>h;hh;hpp;hxx;h++;hm;inl;inc;ipp;xsd</Extensions>
    </Filter>
    <Filter Include="Resource Files">
      <UniqueIdentifier>{67DA6AB6-F800-4c08-8B7A-83BB121AAD01}</UniqueIdentifier>
      <Extensions>rc;ico;cur;bmp;dlg;rc2;rct;bin;rgs;gif;jpg;jpeg;jpe;resx;tiff;tif;png;wav;mfcribbon-ms</Extensions>
    </Filter>
    <Filter Include="Header Files\Base">
      <UniqueIdentifier>{8abadef9-f0a6-41ce-9849-d77ab99d4bd0}</UniqueIdentifier>
    </Filter>
    <Filter Include="Header Files\Framework">
      <UniqueIdentifier>{29f920f8-261a-4c62-9112-1fb802b5047e}</UniqueIdentifier>
    </Filter>
    <Filter Include="Source Files\Base">
      <UniqueIdentifier>{406e3308-6e82-434e-8c29-bd5dec57bca5}</UniqueIdentifier>
    </Filter>
    <Filter Include="Source Files\Framework">
      <UniqueIdentifier>{e1c3fd02-d502-4bb9-b74c-88372f3a0cc0}</UniqueIdentifier>
    </Filter>
    <Filter Include="Header Files\KeyEventHandlers">
      <UniqueIdentifier>{8d88dc8e-ff41-42f1-bb20-0aae07bc0119}</UniqueIdentifier>
    </Filter>
    <Filter Include="Source Files\KeyEventHandlers">
      <UniqueIdentifier>{f1faa3d9-a18a-4a8e-a3e7-764ae743288c}</UniqueIdentifier>
    </Filter>
    <Filter Include="Header Files\Managers">
      <UniqueIdentifier>{ef6970a3-f56c-42c0-88a9-92471fe35b25}</UniqueIdentifier>
    </Filter>
    <Filter Include="Source Files\Managers">
      <UniqueIdentifier>{9a189535-456a-4245-ba19-963f511a1735}</UniqueIdentifier>
    </Filter>
    <Filter Include="Header Files\Entities">
      <UniqueIdentifier>{a628a00c-dcdd-4c11-9e79-9446ecd5fd9d}</UniqueIdentifier>
    </Filter>
    <Filter Include="Source Files\Entities">
      <UniqueIdentifier>{28ab7446-13af-4c7f-93af-e3fbb6c0b0d1}</UniqueIdentifier>
    </Filter>
    <Filter Include="Header Files\Entities\Mario">
      <UniqueIdentifier>{9f56af85-a23f-4abc-8dc1-e0d8fd7510b4}</UniqueIdentifier>
    </Filter>
    <Filter Include="Source Files\Entities\Mario">
      <UniqueIdentifier>{51b937db-df8c-4780-9fe7-a1025a4f1565}</UniqueIdentifier>
    </Filter>
    <Filter Include="Source Files\Entities\Background">
      <UniqueIdentifier>{221c77b6-5699-4c25-ad09-ad76526e53b5}</UniqueIdentifier>
    </Filter>
    <Filter Include="Header Files\Entities\Background">
      <UniqueIdentifier>{3779d8cd-6f7e-40ad-ae9e-2262faccf169}</UniqueIdentifier>
    </Filter>
    <Filter Include="Header Files\Entities\Blocks">
      <UniqueIdentifier>{76139cd1-b0d1-4ab6-8cc7-81f8e50d46fb}</UniqueIdentifier>
    </Filter>
    <Filter Include="Source Files\Entities\Blocks">
      <UniqueIdentifier>{3cbd7295-ee4b-4f9a-a4e7-2509fd16fcbc}</UniqueIdentifier>
    </Filter>
    <Filter Include="Source Files\Entities\Effects">
      <UniqueIdentifier>{15364309-53e2-469f-9530-c78529fdf71b}</UniqueIdentifier>
    </Filter>
    <Filter Include="Header Files\Entities\Effects">
      <UniqueIdentifier>{01e88260-2fac-4bca-8f1e-c0be1d1c8b41}</UniqueIdentifier>
    </Filter>
    <Filter Include="Source Files\Entities\FireBall">
      <UniqueIdentifier>{ff8080a5-ac1e-4257-a267-75f6f63a3d51}</UniqueIdentifier>
    </Filter>
    <Filter Include="Header Files\Entities\FireBall">
      <UniqueIdentifier>{e07cb37f-f58b-4888-af94-58d9349d405f}</UniqueIdentifier>
    </Filter>
    <Filter Include="Header Files\Entities\Enemies">
      <UniqueIdentifier>{2713a757-bf2d-4a17-b0c8-c840801579ab}</UniqueIdentifier>
    </Filter>
    <Filter Include="Source Files\Entities\Enemies">
      <UniqueIdentifier>{70e3af0d-364c-4bfd-ba90-57fa4830dece}</UniqueIdentifier>
    </Filter>
    <Filter Include="Source Files\Entities\Spawners">
      <UniqueIdentifier>{02973938-f6d9-4c96-858e-ba968cfebc6d}</UniqueIdentifier>
    </Filter>
    <Filter Include="Source Files\Entities\LevelUpItems">
      <UniqueIdentifier>{e0cf2098-a03c-475f-807d-734bb1c45ef6}</UniqueIdentifier>
    </Filter>
    <Filter Include="Header Files\Entities\LevelUpItems">
      <UniqueIdentifier>{a1cccaaa-22d6-4c3f-9ad1-f23ad715d723}</UniqueIdentifier>
    </Filter>
    <Filter Include="Header Files\Entities\Spawners">
      <UniqueIdentifier>{e99a5e7a-da6b-4e1c-911b-ae3d67c34e6f}</UniqueIdentifier>
    </Filter>
    <Filter Include="Header Files\UI">
      <UniqueIdentifier>{9346c38d-e86a-4ce8-9537-dbe37b59f905}</UniqueIdentifier>
    </Filter>
    <Filter Include="Source Files\UI">
      <UniqueIdentifier>{d1b8e583-8601-4e38-9259-2a54b11d0e4f}</UniqueIdentifier>
    </Filter>
  </ItemGroup>
  <ItemGroup>
    <None Include="packages.config" />
  </ItemGroup>
  <ItemGroup>
    <ClInclude Include="GameObject.h">
      <Filter>Header Files\Base</Filter>
    </ClInclude>
    <ClInclude Include="KeyEventHandler.h">
      <Filter>Header Files\Base</Filter>
    </ClInclude>
    <ClInclude Include="Animation.h">
      <Filter>Header Files\Framework</Filter>
    </ClInclude>
    <ClInclude Include="AnimationFrame.h">
      <Filter>Header Files\Framework</Filter>
    </ClInclude>
    <ClInclude Include="Animations.h">
      <Filter>Header Files\Framework</Filter>
    </ClInclude>
    <ClInclude Include="AssetIDs.h">
      <Filter>Header Files\Framework</Filter>
    </ClInclude>
    <ClInclude Include="Collision.h">
      <Filter>Header Files\Framework</Filter>
    </ClInclude>
    <ClInclude Include="debug.h">
      <Filter>Header Files\Framework</Filter>
    </ClInclude>
    <ClInclude Include="Game.h">
      <Filter>Header Files\Framework</Filter>
    </ClInclude>
    <ClInclude Include="PlayScene.h">
      <Filter>Header Files\Framework</Filter>
    </ClInclude>
    <ClInclude Include="Sprite.h">
      <Filter>Header Files\Framework</Filter>
    </ClInclude>
    <ClInclude Include="Sprites.h">
      <Filter>Header Files\Framework</Filter>
    </ClInclude>
    <ClInclude Include="Texture.h">
      <Filter>Header Files\Framework</Filter>
    </ClInclude>
    <ClInclude Include="Textures.h">
      <Filter>Header Files\Framework</Filter>
    </ClInclude>
    <ClInclude Include="Utils.h">
      <Filter>Header Files\Framework</Filter>
    </ClInclude>
    <ClInclude Include="SampleKeyEventHandler.h">
      <Filter>Header Files\KeyEventHandlers</Filter>
    </ClInclude>
    <ClInclude Include="Scene.h">
      <Filter>Header Files\Base</Filter>
    </ClInclude>
    <ClInclude Include="GameObjectsManager.h">
      <Filter>Header Files\Managers</Filter>
    </ClInclude>
    <ClInclude Include="MovableGameObject.h">
      <Filter>Header Files\Base</Filter>
    </ClInclude>
    <ClInclude Include="MarioKeyEventHandler.h">
      <Filter>Header Files\KeyEventHandlers</Filter>
    </ClInclude>
    <ClInclude Include="Mario.h">
      <Filter>Header Files\Entities\Mario</Filter>
    </ClInclude>
    <ClInclude Include="Background.h">
      <Filter>Header Files\Entities\Background</Filter>
    </ClInclude>
    <ClInclude Include="SolidPlatform.h">
      <Filter>Header Files\Entities\Blocks</Filter>
    </ClInclude>
    <ClInclude Include="CoinQuestionBlock.h">
      <Filter>Header Files\Entities\Blocks</Filter>
    </ClInclude>
    <ClInclude Include="QuestionBlock.h">
      <Filter>Header Files\Base</Filter>
    </ClInclude>
    <ClInclude Include="Effect.h">
      <Filter>Header Files\Base</Filter>
    </ClInclude>
    <ClInclude Include="CoinEffect.h">
      <Filter>Header Files\Entities\Effects</Filter>
    </ClInclude>
    <ClInclude Include="ScoreEffect.h">
      <Filter>Header Files\Entities\Effects</Filter>
    </ClInclude>
    <ClInclude Include="HardBlock.h">
      <Filter>Header Files\Entities\Blocks</Filter>
    </ClInclude>
    <ClInclude Include="MultiTilesBlock.h">
      <Filter>Header Files\Base</Filter>
    </ClInclude>
    <ClInclude Include="ColorBlock.h">
      <Filter>Header Files\Entities\Blocks</Filter>
    </ClInclude>
    <ClInclude Include="Pipe.h">
      <Filter>Header Files\Entities\Blocks</Filter>
    </ClInclude>
    <ClInclude Include="PiranhaPlant.h">
      <Filter>Header Files\Base</Filter>
    </ClInclude>
    <ClInclude Include="NormalPiranhaPlantPipe.h">
      <Filter>Header Files\Entities\Blocks</Filter>
    </ClInclude>
    <ClInclude Include="FirePiranhaPlantPipe.h">
      <Filter>Header Files\Entities\Blocks</Filter>
    </ClInclude>
    <ClInclude Include="FireBall.h">
      <Filter>Header Files\Entities\FireBall</Filter>
    </ClInclude>
    <ClInclude Include="LevelUpQuestionBlock.h">
      <Filter>Header Files\Entities\Blocks</Filter>
    </ClInclude>
    <ClInclude Include="LevelUpItem.h">
      <Filter>Header Files\Base</Filter>
    </ClInclude>
    <ClInclude Include="Mushroom.h">
      <Filter>Header Files\Entities\LevelUpItems</Filter>
    </ClInclude>
    <ClInclude Include="Leaf.h">
      <Filter>Header Files\Entities\LevelUpItems</Filter>
    </ClInclude>
    <ClInclude Include="Enemy.h">
      <Filter>Header Files\Base</Filter>
    </ClInclude>
    <ClInclude Include="Goomba.h">
      <Filter>Header Files\Entities\Enemies</Filter>
    </ClInclude>
    <ClInclude Include="Spawner.h">
      <Filter>Header Files\Base</Filter>
    </ClInclude>
    <ClInclude Include="MarioAniIds.h">
      <Filter>Header Files\Entities\Mario</Filter>
    </ClInclude>
    <ClInclude Include="GoombaSpawner.h">
      <Filter>Header Files\Entities\Spawners</Filter>
    </ClInclude>
    <ClInclude Include="FirePiranhaPlant.h">
      <Filter>Header Files\Entities\Enemies</Filter>
    </ClInclude>
    <ClInclude Include="NormalPiranhaPlant.h">
      <Filter>Header Files\Entities\Enemies</Filter>
    </ClInclude>
    <ClInclude Include="RedGoomba.h">
      <Filter>Header Files\Entities\Enemies</Filter>
    </ClInclude>
    <ClInclude Include="MarioHead.h">
      <Filter>Header Files\Entities\Mario</Filter>
    </ClInclude>
    <ClInclude Include="RedGoombaSpawner.h">
      <Filter>Header Files\Entities\Spawners</Filter>
    </ClInclude>
    <ClInclude Include="RedKoopaTroopa.h">
      <Filter>Header Files\Entities\Enemies</Filter>
    </ClInclude>
    <ClInclude Include="EdgeSensor.h">
      <Filter>Header Files\Entities\Enemies</Filter>
    </ClInclude>
    <ClInclude Include="KoopaTroopa.h">
      <Filter>Header Files\Base</Filter>
    </ClInclude>
    <ClInclude Include="RedKoopaTroopaSpawner.h">
      <Filter>Header Files\Entities\Spawners</Filter>
    </ClInclude>
    <ClInclude Include="UIManager.h">
      <Filter>Header Files\Managers</Filter>
    </ClInclude>
    <ClInclude Include="UI.h">
      <Filter>Header Files\Base</Filter>
    </ClInclude>
    <ClInclude Include="PlaySceneUI.h">
      <Filter>Header Files\UI</Filter>
    </ClInclude>
    <ClInclude Include="MarioTail.h">
      <Filter>Header Files\Entities\Mario</Filter>
    </ClInclude>
    <ClInclude Include="GreenKoopaTroopaSpawner.h">
      <Filter>Header Files\Entities\Spawners</Filter>
    </ClInclude>
    <ClInclude Include="GreenKoopaTroopa.h">
      <Filter>Header Files\Entities\Enemies</Filter>
    </ClInclude>
    <ClInclude Include="CloudPlatform.h">
      <Filter>Header Files\Entities\Blocks</Filter>
    </ClInclude>
    <ClInclude Include="Brick.h">
      <Filter>Header Files\Entities\Blocks</Filter>
    </ClInclude>
    <ClInclude Include="Coin.h">
      <Filter>Header Files\Entities\Blocks</Filter>
    </ClInclude>
    <ClInclude Include="PButton.h">
      <Filter>Header Files\Entities\Blocks</Filter>
    </ClInclude>
    <ClInclude Include="PButtonBrick.h">
      <Filter>Header Files\Entities\Blocks</Filter>
    </ClInclude>
    <ClInclude Include="GreenMushroom.h">
      <Filter>Header Files</Filter>
    </ClInclude>
    <ClInclude Include="GreenMushroomBrick.h">
      <Filter>Header Files</Filter>
    </ClInclude>
    <ClInclude Include="DebrisEffect.h">
      <Filter>Header Files</Filter>
    </ClInclude>
  </ItemGroup>
  <ItemGroup>
    <ClCompile Include="GameObject.cpp">
      <Filter>Source Files\Base</Filter>
    </ClCompile>
    <ClCompile Include="main.cpp">
      <Filter>Source Files</Filter>
    </ClCompile>
    <ClCompile Include="Animation.cpp">
      <Filter>Source Files\Framework</Filter>
    </ClCompile>
    <ClCompile Include="Animations.cpp">
      <Filter>Source Files\Framework</Filter>
    </ClCompile>
    <ClCompile Include="Collision.cpp">
      <Filter>Source Files\Framework</Filter>
    </ClCompile>
    <ClCompile Include="debug.cpp">
      <Filter>Source Files\Framework</Filter>
    </ClCompile>
    <ClCompile Include="Game.cpp">
      <Filter>Source Files\Framework</Filter>
    </ClCompile>
    <ClCompile Include="PlayScene.cpp">
      <Filter>Source Files\Framework</Filter>
    </ClCompile>
    <ClCompile Include="Sprite.cpp">
      <Filter>Source Files\Framework</Filter>
    </ClCompile>
    <ClCompile Include="Sprites.cpp">
      <Filter>Source Files\Framework</Filter>
    </ClCompile>
    <ClCompile Include="Textures.cpp">
      <Filter>Source Files\Framework</Filter>
    </ClCompile>
    <ClCompile Include="Utils.cpp">
      <Filter>Source Files\Framework</Filter>
    </ClCompile>
    <ClCompile Include="SampleKeyEventHandler.cpp">
      <Filter>Source Files\KeyEventHandlers</Filter>
    </ClCompile>
    <ClCompile Include="GameObjectsManager.cpp">
      <Filter>Source Files\Managers</Filter>
    </ClCompile>
    <ClCompile Include="MarioKeyEventHandler.cpp">
      <Filter>Source Files\KeyEventHandlers</Filter>
    </ClCompile>
    <ClCompile Include="MovableGameObject.cpp">
      <Filter>Source Files\Base</Filter>
    </ClCompile>
    <ClCompile Include="Mario.cpp">
      <Filter>Source Files\Entities\Mario</Filter>
    </ClCompile>
    <ClCompile Include="Background.cpp">
      <Filter>Source Files\Entities\Background</Filter>
    </ClCompile>
    <ClCompile Include="SolidPlatform.cpp">
      <Filter>Source Files\Entities\Blocks</Filter>
    </ClCompile>
    <ClCompile Include="CoinQuestionBlock.cpp">
      <Filter>Source Files\Entities\Blocks</Filter>
    </ClCompile>
    <ClCompile Include="QuestionBlock.cpp">
      <Filter>Source Files\Base</Filter>
    </ClCompile>
    <ClCompile Include="Effect.cpp">
      <Filter>Source Files\Base</Filter>
    </ClCompile>
    <ClCompile Include="CoinEffect.cpp">
      <Filter>Source Files\Entities\Effects</Filter>
    </ClCompile>
    <ClCompile Include="ScoreEffect.cpp">
      <Filter>Source Files\Entities\Effects</Filter>
    </ClCompile>
    <ClCompile Include="HardBlock.cpp">
      <Filter>Source Files\Entities\Blocks</Filter>
    </ClCompile>
    <ClCompile Include="MultiTilesBlock.cpp">
      <Filter>Source Files\Base</Filter>
    </ClCompile>
    <ClCompile Include="ColorBlock.cpp">
      <Filter>Source Files\Entities\Blocks</Filter>
    </ClCompile>
    <ClCompile Include="Pipe.cpp">
      <Filter>Source Files\Entities\Blocks</Filter>
    </ClCompile>
    <ClCompile Include="PiranhaPlant.cpp">
      <Filter>Source Files\Base</Filter>
    </ClCompile>
    <ClCompile Include="NormalPiranhaPlantPipe.cpp">
      <Filter>Source Files\Entities\Blocks</Filter>
    </ClCompile>
    <ClCompile Include="FirePiranhaPlantPipe.cpp">
      <Filter>Source Files\Entities\Blocks</Filter>
    </ClCompile>
    <ClCompile Include="FireBall.cpp">
      <Filter>Source Files\Entities\FireBall</Filter>
    </ClCompile>
    <ClCompile Include="LevelUpQuestionBlock.cpp">
      <Filter>Source Files\Entities\Blocks</Filter>
    </ClCompile>
    <ClCompile Include="Mushroom.cpp">
      <Filter>Source Files\Entities\LevelUpItems</Filter>
    </ClCompile>
    <ClCompile Include="Leaf.cpp">
      <Filter>Source Files\Entities\LevelUpItems</Filter>
    </ClCompile>
    <ClCompile Include="Goomba.cpp">
      <Filter>Source Files\Entities\Enemies</Filter>
    </ClCompile>
    <ClCompile Include="Spawner.cpp">
      <Filter>Source Files\Base</Filter>
    </ClCompile>
    <ClCompile Include="FirePiranhaPlant.cpp">
      <Filter>Source Files\Entities\Enemies</Filter>
    </ClCompile>
    <ClCompile Include="NormalPiranhaPlant.cpp">
      <Filter>Source Files\Entities\Enemies</Filter>
    </ClCompile>
    <ClCompile Include="GoombaSpawner.cpp">
      <Filter>Source Files\Entities\Spawners</Filter>
    </ClCompile>
    <ClCompile Include="RedGoomba.cpp">
      <Filter>Source Files\Entities\Enemies</Filter>
    </ClCompile>
    <ClCompile Include="MarioHead.cpp">
      <Filter>Source Files\Entities\Mario</Filter>
    </ClCompile>
    <ClCompile Include="RedGoombaSpawner.cpp">
      <Filter>Source Files\Entities\Spawners</Filter>
    </ClCompile>
    <ClCompile Include="RedKoopaTroopa.cpp">
      <Filter>Source Files\Entities\Enemies</Filter>
    </ClCompile>
    <ClCompile Include="RedKoopaTroopaSpawner.cpp">
      <Filter>Source Files\Entities\Spawners</Filter>
    </ClCompile>
    <ClCompile Include="EdgeSensor.cpp">
      <Filter>Source Files\Entities\Enemies</Filter>
    </ClCompile>
    <ClCompile Include="KoopaTroopa.cpp">
      <Filter>Source Files\Base</Filter>
    </ClCompile>
    <ClCompile Include="UIManager.cpp">
      <Filter>Source Files\Managers</Filter>
    </ClCompile>
    <ClCompile Include="PlaySceneUI.cpp">
      <Filter>Source Files\UI</Filter>
    </ClCompile>
    <ClCompile Include="MarioTail.cpp">
      <Filter>Source Files\Entities\Mario</Filter>
    </ClCompile>
    <ClCompile Include="GreenKoopaTroopaSpawner.cpp">
      <Filter>Source Files\Entities\Spawners</Filter>
    </ClCompile>
    <ClCompile Include="GreenKoopaTroopa.cpp">
      <Filter>Source Files\Entities\Enemies</Filter>
    </ClCompile>
    <ClCompile Include="Brick.cpp">
      <Filter>Source Files\Entities\Blocks</Filter>
    </ClCompile>
    <ClCompile Include="CloudPlatform.cpp">
      <Filter>Source Files\Entities\Blocks</Filter>
    </ClCompile>
    <ClCompile Include="Coin.cpp">
      <Filter>Source Files\Entities\Blocks</Filter>
    </ClCompile>
    <ClCompile Include="PButton.cpp">
      <Filter>Source Files\Entities\Blocks</Filter>
    </ClCompile>
    <ClCompile Include="PButtonBrick.cpp">
      <Filter>Source Files\Entities\Blocks</Filter>
    </ClCompile>
    <ClCompile Include="GreenMushroom.cpp">
      <Filter>Source Files</Filter>
    </ClCompile>
    <ClCompile Include="DebrisEffect.cpp">
      <Filter>Source Files</Filter>
    </ClCompile>
    <ClCompile Include="GreenMushroomBrick.cpp">
      <Filter>Source Files\Entities\Blocks</Filter>
    </ClCompile>
  </ItemGroup>
</Project>