<?xml version="1.0" encoding="utf-8"?>
<Project ToolsVersion="4.0" xmlns="http://schemas.microsoft.com/developer/msbuild/2003">
  <ItemGroup>
    <Filter Include="Source Files">
      <UniqueIdentifier>{4FC737F1-C7A5-4376-A066-2A32D752A2FF}</UniqueIdentifier>
      <Extensions>cpp;c;cc;cxx;c++;cppm;ixx;def;odl;idl;hpj;bat;asm;asmx</Extensions>
    </Filter>
    <Filter Include="Header Files">
      <UniqueIdentifier>{93995380-89BD-4b04-88EB-625FBE52EBFB}</UniqueIdentifier>
      <Extensions>h;hh;hpp;hxx;h++;hm;inl;inc;ipp;xsd</Extensions>
    </Filter>
    <Filter Include="Resource Files">
      <UniqueIdentifier>{67DA6AB6-F800-4c08-8B7A-83BB121AAD01}</UniqueIdentifier>
      <Extensions>rc;ico;cur;bmp;dlg;rc2;rct;bin;rgs;gif;jpg;jpeg;jpe;resx;tiff;tif;png;wav;mfcribbon-ms</Extensions>
    </Filter>
    <Filter Include="Header Files\Base">
      <UniqueIdentifier>{8abadef9-f0a6-41ce-9849-d77ab99d4bd0}</UniqueIdentifier>
    </Filter>
    <Filter Include="Header Files\Framework">
      <UniqueIdentifier>{29f920f8-261a-4c62-9112-1fb802b5047e}</UniqueIdentifier>
    </Filter>
    <Filter Include="Source Files\Base">
      <UniqueIdentifier>{406e3308-6e82-434e-8c29-bd5dec57bca5}</UniqueIdentifier>
    </Filter>
    <Filter Include="Source Files\Framework">
      <UniqueIdentifier>{e1c3fd02-d502-4bb9-b74c-88372f3a0cc0}</UniqueIdentifier>
    </Filter>
    <Filter Include="Header Files\KeyEventHandlers">
      <UniqueIdentifier>{8d88dc8e-ff41-42f1-bb20-0aae07bc0119}</UniqueIdentifier>
    </Filter>
    <Filter Include="Source Files\KeyEventHandlers">
      <UniqueIdentifier>{f1faa3d9-a18a-4a8e-a3e7-764ae743288c}</UniqueIdentifier>
    </Filter>
    <Filter Include="Header Files\Managers">
      <UniqueIdentifier>{ef6970a3-f56c-42c0-88a9-92471fe35b25}</UniqueIdentifier>
    </Filter>
    <Filter Include="Source Files\Managers">
      <UniqueIdentifier>{9a189535-456a-4245-ba19-963f511a1735}</UniqueIdentifier>
    </Filter>
    <Filter Include="Header Files\Entities">
      <UniqueIdentifier>{a628a00c-dcdd-4c11-9e79-9446ecd5fd9d}</UniqueIdentifier>
    </Filter>
    <Filter Include="Source Files\Entities">
      <UniqueIdentifier>{28ab7446-13af-4c7f-93af-e3fbb6c0b0d1}</UniqueIdentifier>
    </Filter>
    <Filter Include="Header Files\Entities\Mario">
      <UniqueIdentifier>{9f56af85-a23f-4abc-8dc1-e0d8fd7510b4}</UniqueIdentifier>
    </Filter>
    <Filter Include="Source Files\Entities\Mario">
      <UniqueIdentifier>{51b937db-df8c-4780-9fe7-a1025a4f1565}</UniqueIdentifier>
    </Filter>
    <Filter Include="Source Files\Entities\Background">
      <UniqueIdentifier>{221c77b6-5699-4c25-ad09-ad76526e53b5}</UniqueIdentifier>
    </Filter>
    <Filter Include="Header Files\Entities\Background">
      <UniqueIdentifier>{3779d8cd-6f7e-40ad-ae9e-2262faccf169}</UniqueIdentifier>
    </Filter>
    <Filter Include="Header Files\Entities\Blocks">
      <UniqueIdentifier>{76139cd1-b0d1-4ab6-8cc7-81f8e50d46fb}</UniqueIdentifier>
    </Filter>
    <Filter Include="Source Files\Entities\Blocks">
      <UniqueIdentifier>{3cbd7295-ee4b-4f9a-a4e7-2509fd16fcbc}</UniqueIdentifier>
    </Filter>
    <Filter Include="Source Files\Entities\Effects">
      <UniqueIdentifier>{15364309-53e2-469f-9530-c78529fdf71b}</UniqueIdentifier>
    </Filter>
    <Filter Include="Header Files\Entities\Effects">
      <UniqueIdentifier>{01e88260-2fac-4bca-8f1e-c0be1d1c8b41}</UniqueIdentifier>
    </Filter>
    <Filter Include="Header Files\Entities\PiranhaPlant">
      <UniqueIdentifier>{74f2add3-a14b-479c-9e9f-2a834be59d0d}</UniqueIdentifier>
    </Filter>
    <Filter Include="Source Files\Entities\PiranhaPlant">
      <UniqueIdentifier>{f44157d1-5742-4de7-b8ab-a95120045896}</UniqueIdentifier>
    </Filter>
  </ItemGroup>
  <ItemGroup>
    <None Include="packages.config" />
  </ItemGroup>
  <ItemGroup>
    <ClInclude Include="GameObject.h">
      <Filter>Header Files\Base</Filter>
    </ClInclude>
    <ClInclude Include="KeyEventHandler.h">
      <Filter>Header Files\Base</Filter>
    </ClInclude>
    <ClInclude Include="Animation.h">
      <Filter>Header Files\Framework</Filter>
    </ClInclude>
    <ClInclude Include="AnimationFrame.h">
      <Filter>Header Files\Framework</Filter>
    </ClInclude>
    <ClInclude Include="Animations.h">
      <Filter>Header Files\Framework</Filter>
    </ClInclude>
    <ClInclude Include="AssetIDs.h">
      <Filter>Header Files\Framework</Filter>
    </ClInclude>
    <ClInclude Include="Collision.h">
      <Filter>Header Files\Framework</Filter>
    </ClInclude>
    <ClInclude Include="debug.h">
      <Filter>Header Files\Framework</Filter>
    </ClInclude>
    <ClInclude Include="Game.h">
      <Filter>Header Files\Framework</Filter>
    </ClInclude>
    <ClInclude Include="PlayScene.h">
      <Filter>Header Files\Framework</Filter>
    </ClInclude>
    <ClInclude Include="Sprite.h">
      <Filter>Header Files\Framework</Filter>
    </ClInclude>
    <ClInclude Include="Sprites.h">
      <Filter>Header Files\Framework</Filter>
    </ClInclude>
    <ClInclude Include="Texture.h">
      <Filter>Header Files\Framework</Filter>
    </ClInclude>
    <ClInclude Include="Textures.h">
      <Filter>Header Files\Framework</Filter>
    </ClInclude>
    <ClInclude Include="Utils.h">
      <Filter>Header Files\Framework</Filter>
    </ClInclude>
    <ClInclude Include="SampleKeyEventHandler.h">
      <Filter>Header Files\KeyEventHandlers</Filter>
    </ClInclude>
    <ClInclude Include="Scene.h">
      <Filter>Header Files\Base</Filter>
    </ClInclude>
    <ClInclude Include="GameObjectsManager.h">
      <Filter>Header Files\Managers</Filter>
    </ClInclude>
    <ClInclude Include="MovableGameObject.h">
      <Filter>Header Files\Base</Filter>
    </ClInclude>
    <ClInclude Include="MarioKeyEventHandler.h">
      <Filter>Header Files\KeyEventHandlers</Filter>
    </ClInclude>
    <ClInclude Include="Mario.h">
      <Filter>Header Files\Entities\Mario</Filter>
    </ClInclude>
    <ClInclude Include="Background.h">
      <Filter>Header Files\Entities\Background</Filter>
    </ClInclude>
    <ClInclude Include="SolidPlatform.h">
      <Filter>Header Files\Entities\Blocks</Filter>
    </ClInclude>
    <ClInclude Include="CoinQuestionBlock.h">
      <Filter>Header Files\Entities\Blocks</Filter>
    </ClInclude>
    <ClInclude Include="QuestionBlock.h">
      <Filter>Header Files\Base</Filter>
    </ClInclude>
    <ClInclude Include="Effect.h">
      <Filter>Header Files\Base</Filter>
    </ClInclude>
    <ClInclude Include="CoinEffect.h">
      <Filter>Header Files\Entities\Effects</Filter>
    </ClInclude>
    <ClInclude Include="ScoreEffect.h">
      <Filter>Header Files\Entities\Effects</Filter>
    </ClInclude>
    <ClInclude Include="HardBlock.h">
      <Filter>Header Files\Entities\Blocks</Filter>
    </ClInclude>
    <ClInclude Include="MultiTilesBlock.h">
      <Filter>Header Files\Base</Filter>
    </ClInclude>
    <ClInclude Include="ColorBlock.h">
      <Filter>Header Files\Entities\Blocks</Filter>
    </ClInclude>
    <ClInclude Include="Pipe.h">
      <Filter>Header Files\Entities\Blocks</Filter>
    </ClInclude>
    <ClInclude Include="PiranhaPlant.h">
      <Filter>Header Files\Base</Filter>
    </ClInclude>
    <ClInclude Include="NormalPiranhaPlant.h">
      <Filter>Header Files\Entities\PiranhaPlant</Filter>
    </ClInclude>
    <ClInclude Include="NormalPiranhaPlantPipe.h">
      <Filter>Header Files\Entities\Blocks</Filter>
    </ClInclude>
  </ItemGroup>
  <ItemGroup>
    <ClCompile Include="GameObject.cpp">
      <Filter>Source Files\Base</Filter>
    </ClCompile>
    <ClCompile Include="main.cpp">
      <Filter>Source Files</Filter>
    </ClCompile>
    <ClCompile Include="Animation.cpp">
      <Filter>Source Files\Framework</Filter>
    </ClCompile>
    <ClCompile Include="Animations.cpp">
      <Filter>Source Files\Framework</Filter>
    </ClCompile>
    <ClCompile Include="Collision.cpp">
      <Filter>Source Files\Framework</Filter>
    </ClCompile>
    <ClCompile Include="debug.cpp">
      <Filter>Source Files\Framework</Filter>
    </ClCompile>
    <ClCompile Include="Game.cpp">
      <Filter>Source Files\Framework</Filter>
    </ClCompile>
    <ClCompile Include="PlayScene.cpp">
      <Filter>Source Files\Framework</Filter>
    </ClCompile>
    <ClCompile Include="Sprite.cpp">
      <Filter>Source Files\Framework</Filter>
    </ClCompile>
    <ClCompile Include="Sprites.cpp">
      <Filter>Source Files\Framework</Filter>
    </ClCompile>
    <ClCompile Include="Textures.cpp">
      <Filter>Source Files\Framework</Filter>
    </ClCompile>
    <ClCompile Include="Utils.cpp">
      <Filter>Source Files\Framework</Filter>
    </ClCompile>
    <ClCompile Include="SampleKeyEventHandler.cpp">
      <Filter>Source Files\KeyEventHandlers</Filter>
    </ClCompile>
    <ClCompile Include="GameObjectsManager.cpp">
      <Filter>Source Files\Managers</Filter>
    </ClCompile>
    <ClCompile Include="MarioKeyEventHandler.cpp">
      <Filter>Source Files\KeyEventHandlers</Filter>
    </ClCompile>
    <ClCompile Include="MovableGameObject.cpp">
      <Filter>Source Files\Base</Filter>
    </ClCompile>
    <ClCompile Include="Mario.cpp">
      <Filter>Source Files\Entities\Mario</Filter>
    </ClCompile>
    <ClCompile Include="Background.cpp">
      <Filter>Source Files\Entities\Background</Filter>
    </ClCompile>
    <ClCompile Include="SolidPlatform.cpp">
      <Filter>Source Files\Entities\Blocks</Filter>
    </ClCompile>
    <ClCompile Include="CoinQuestionBlock.cpp">
      <Filter>Source Files\Entities\Blocks</Filter>
    </ClCompile>
    <ClCompile Include="QuestionBlock.cpp">
      <Filter>Source Files\Base</Filter>
    </ClCompile>
    <ClCompile Include="Effect.cpp">
      <Filter>Source Files\Base</Filter>
    </ClCompile>
    <ClCompile Include="CoinEffect.cpp">
      <Filter>Source Files\Entities\Effects</Filter>
    </ClCompile>
    <ClCompile Include="ScoreEffect.cpp">
      <Filter>Source Files\Entities\Effects</Filter>
    </ClCompile>
    <ClCompile Include="HardBlock.cpp">
      <Filter>Source Files\Entities\Blocks</Filter>
    </ClCompile>
    <ClCompile Include="MultiTilesBlock.cpp">
      <Filter>Source Files\Base</Filter>
    </ClCompile>
    <ClCompile Include="ColorBlock.cpp">
      <Filter>Source Files\Entities\Blocks</Filter>
    </ClCompile>
    <ClCompile Include="Pipe.cpp">
      <Filter>Source Files\Entities\Blocks</Filter>
    </ClCompile>
    <ClCompile Include="PiranhaPlant.cpp">
      <Filter>Source Files\Base</Filter>
    </ClCompile>
    <ClCompile Include="NormalPiranhaPlant.cpp">
      <Filter>Source Files\Entities\PiranhaPlant</Filter>
    </ClCompile>
    <ClCompile Include="NormalPiranhaPlantPipe.cpp">
      <Filter>Source Files\Entities\Blocks</Filter>
    </ClCompile>
  </ItemGroup>
</Project>